// !$*UTF8*$!
{
	archiveVersion = 1;
	classes = {
	};
	objectVersion = 56;
	objects = {

/* Begin PBXBuildFile section */
		F3020EE029F5927F0011F0CB /* AppDelegate.swift in Sources */ = {isa = PBXBuildFile; fileRef = F3020EDF29F5927F0011F0CB /* AppDelegate.swift */; };
		F3020EE229F5927F0011F0CB /* ViewController.swift in Sources */ = {isa = PBXBuildFile; fileRef = F3020EE129F5927F0011F0CB /* ViewController.swift */; };
		F3020EE429F5927F0011F0CB /* Experience.rcproject in Sources */ = {isa = PBXBuildFile; fileRef = F3020EE329F5927F0011F0CB /* Experience.rcproject */; };
		F3020EE929F592800011F0CB /* Assets.xcassets in Resources */ = {isa = PBXBuildFile; fileRef = F3020EE829F592800011F0CB /* Assets.xcassets */; };
		F3020EEC29F592800011F0CB /* LaunchScreen.storyboard in Resources */ = {isa = PBXBuildFile; fileRef = F3020EEA29F592800011F0CB /* LaunchScreen.storyboard */; };
		F32686E22A604528008760B0 /* EntityExtension.swift in Sources */ = {isa = PBXBuildFile; fileRef = F32686E12A604528008760B0 /* EntityExtension.swift */; };
		F32686E42A632EA8008760B0 /* DiscardPile.swift in Sources */ = {isa = PBXBuildFile; fileRef = F32686E32A632EA8008760B0 /* DiscardPile.swift */; };
		F32686E62A656254008760B0 /* UndoView.swift in Sources */ = {isa = PBXBuildFile; fileRef = F32686E52A656254008760B0 /* UndoView.swift */; };
		F32686E82A66D800008760B0 /* LastRoundCallView.swift in Sources */ = {isa = PBXBuildFile; fileRef = F32686E72A66D800008760B0 /* LastRoundCallView.swift */; };
		F32AF1C92A30B8E4005F95FA /* SequenceExtension.swift in Sources */ = {isa = PBXBuildFile; fileRef = F32AF1C82A30B8E4005F95FA /* SequenceExtension.swift */; };
		F35040E82A431FD100117BF2 /* DrawPile.swift in Sources */ = {isa = PBXBuildFile; fileRef = F35040E72A431FD100117BF2 /* DrawPile.swift */; };
		F35040EA2A43952600117BF2 /* CardGameError.swift in Sources */ = {isa = PBXBuildFile; fileRef = F35040E92A43952600117BF2 /* CardGameError.swift */; };
		F35A49812A0BBFFC00635215 /* Playing_Cards_Standard.usdz in Resources */ = {isa = PBXBuildFile; fileRef = F35A49802A0BBFFC00635215 /* Playing_Cards_Standard.usdz */; };
		F35A49832A0BCA8600635215 /* PlayingCard.swift in Sources */ = {isa = PBXBuildFile; fileRef = F35A49822A0BCA8600635215 /* PlayingCard.swift */; };
		F37111E22A278291003F53F4 /* Playing_Cards.usdz in Resources */ = {isa = PBXBuildFile; fileRef = F37111E12A278291003F53F4 /* Playing_Cards.usdz */; };
		F37248372A1E348100580BC6 /* Playing_Card_Blue_C_5.usdz in Resources */ = {isa = PBXBuildFile; fileRef = F372482A2A1E348000580BC6 /* Playing_Card_Blue_C_5.usdz */; };
		F37248382A1E348100580BC6 /* Playing_Card_Blue_C_3.usdz in Resources */ = {isa = PBXBuildFile; fileRef = F372482B2A1E348000580BC6 /* Playing_Card_Blue_C_3.usdz */; };
		F37248392A1E348100580BC6 /* Playing_Card_Blue_C_7.usdz in Resources */ = {isa = PBXBuildFile; fileRef = F372482C2A1E348100580BC6 /* Playing_Card_Blue_C_7.usdz */; };
		F372483A2A1E348100580BC6 /* Playing_Card_Blue_C_4.usdz in Resources */ = {isa = PBXBuildFile; fileRef = F372482D2A1E348100580BC6 /* Playing_Card_Blue_C_4.usdz */; };
		F372483B2A1E348100580BC6 /* Playing_Card_Blue_C_J.usdz in Resources */ = {isa = PBXBuildFile; fileRef = F372482E2A1E348100580BC6 /* Playing_Card_Blue_C_J.usdz */; };
		F372483C2A1E348100580BC6 /* Playing_Card_Blue_C_8.usdz in Resources */ = {isa = PBXBuildFile; fileRef = F372482F2A1E348100580BC6 /* Playing_Card_Blue_C_8.usdz */; };
		F372483D2A1E348100580BC6 /* Playing_Card_Blue_C_10.usdz in Resources */ = {isa = PBXBuildFile; fileRef = F37248302A1E348100580BC6 /* Playing_Card_Blue_C_10.usdz */; };
		F372483E2A1E348100580BC6 /* Playing_Card_Blue_C_Q.usdz in Resources */ = {isa = PBXBuildFile; fileRef = F37248312A1E348100580BC6 /* Playing_Card_Blue_C_Q.usdz */; };
		F372483F2A1E348100580BC6 /* Playing_Card_Blue_C_2.usdz in Resources */ = {isa = PBXBuildFile; fileRef = F37248322A1E348100580BC6 /* Playing_Card_Blue_C_2.usdz */; };
		F37248402A1E348100580BC6 /* Playing_Card_Blue_C_9.usdz in Resources */ = {isa = PBXBuildFile; fileRef = F37248332A1E348100580BC6 /* Playing_Card_Blue_C_9.usdz */; };
		F37248412A1E348100580BC6 /* Playing_Card_Blue_C_A.usdz in Resources */ = {isa = PBXBuildFile; fileRef = F37248342A1E348100580BC6 /* Playing_Card_Blue_C_A.usdz */; };
		F37248422A1E348100580BC6 /* Playing_Card_Blue_C_K.usdz in Resources */ = {isa = PBXBuildFile; fileRef = F37248352A1E348100580BC6 /* Playing_Card_Blue_C_K.usdz */; };
		F37248432A1E348100580BC6 /* Playing_Card_Blue_C_6.usdz in Resources */ = {isa = PBXBuildFile; fileRef = F37248362A1E348100580BC6 /* Playing_Card_Blue_C_6.usdz */; };
		F37248512A1E349000580BC6 /* Playing_Card_Blue_D_6.usdz in Resources */ = {isa = PBXBuildFile; fileRef = F37248442A1E348F00580BC6 /* Playing_Card_Blue_D_6.usdz */; };
		F37248522A1E349000580BC6 /* Playing_Card_Blue_D_10.usdz in Resources */ = {isa = PBXBuildFile; fileRef = F37248452A1E348F00580BC6 /* Playing_Card_Blue_D_10.usdz */; };
		F37248532A1E349000580BC6 /* Playing_Card_Blue_D_8.usdz in Resources */ = {isa = PBXBuildFile; fileRef = F37248462A1E348F00580BC6 /* Playing_Card_Blue_D_8.usdz */; };
		F37248542A1E349000580BC6 /* Playing_Card_Blue_D_J.usdz in Resources */ = {isa = PBXBuildFile; fileRef = F37248472A1E348F00580BC6 /* Playing_Card_Blue_D_J.usdz */; };
		F37248552A1E349000580BC6 /* Playing_Card_Blue_D_2.usdz in Resources */ = {isa = PBXBuildFile; fileRef = F37248482A1E348F00580BC6 /* Playing_Card_Blue_D_2.usdz */; };
		F37248562A1E349000580BC6 /* Playing_Card_Blue_D_5.usdz in Resources */ = {isa = PBXBuildFile; fileRef = F37248492A1E348F00580BC6 /* Playing_Card_Blue_D_5.usdz */; };
		F37248572A1E349000580BC6 /* Playing_Card_Blue_D_A.usdz in Resources */ = {isa = PBXBuildFile; fileRef = F372484A2A1E348F00580BC6 /* Playing_Card_Blue_D_A.usdz */; };
		F37248582A1E349000580BC6 /* Playing_Card_Blue_D_7.usdz in Resources */ = {isa = PBXBuildFile; fileRef = F372484B2A1E348F00580BC6 /* Playing_Card_Blue_D_7.usdz */; };
		F37248592A1E349000580BC6 /* Playing_Card_Blue_D_9.usdz in Resources */ = {isa = PBXBuildFile; fileRef = F372484C2A1E348F00580BC6 /* Playing_Card_Blue_D_9.usdz */; };
		F372485A2A1E349000580BC6 /* Playing_Card_Blue_D_4.usdz in Resources */ = {isa = PBXBuildFile; fileRef = F372484D2A1E349000580BC6 /* Playing_Card_Blue_D_4.usdz */; };
		F372485B2A1E349000580BC6 /* Playing_Card_Blue_D_3.usdz in Resources */ = {isa = PBXBuildFile; fileRef = F372484E2A1E349000580BC6 /* Playing_Card_Blue_D_3.usdz */; };
		F372485C2A1E349000580BC6 /* Playing_Card_Blue_D_K.usdz in Resources */ = {isa = PBXBuildFile; fileRef = F372484F2A1E349000580BC6 /* Playing_Card_Blue_D_K.usdz */; };
		F372485D2A1E349000580BC6 /* Playing_Card_Blue_D_Q.usdz in Resources */ = {isa = PBXBuildFile; fileRef = F37248502A1E349000580BC6 /* Playing_Card_Blue_D_Q.usdz */; };
		F372486B2A1E34A500580BC6 /* Playing_Card_Blue_H_6.usdz in Resources */ = {isa = PBXBuildFile; fileRef = F372485E2A1E34A400580BC6 /* Playing_Card_Blue_H_6.usdz */; };
		F372486C2A1E34A500580BC6 /* Playing_Card_Blue_H_A.usdz in Resources */ = {isa = PBXBuildFile; fileRef = F372485F2A1E34A400580BC6 /* Playing_Card_Blue_H_A.usdz */; };
		F372486D2A1E34A500580BC6 /* Playing_Card_Blue_H_J.usdz in Resources */ = {isa = PBXBuildFile; fileRef = F37248602A1E34A400580BC6 /* Playing_Card_Blue_H_J.usdz */; };
		F372486E2A1E34A500580BC6 /* Playing_Card_Blue_H_8.usdz in Resources */ = {isa = PBXBuildFile; fileRef = F37248612A1E34A400580BC6 /* Playing_Card_Blue_H_8.usdz */; };
		F372486F2A1E34A500580BC6 /* Playing_Card_Blue_H_4.usdz in Resources */ = {isa = PBXBuildFile; fileRef = F37248622A1E34A400580BC6 /* Playing_Card_Blue_H_4.usdz */; };
		F37248702A1E34A500580BC6 /* Playing_Card_Blue_H_K.usdz in Resources */ = {isa = PBXBuildFile; fileRef = F37248632A1E34A400580BC6 /* Playing_Card_Blue_H_K.usdz */; };
		F37248712A1E34A500580BC6 /* Playing_Card_Blue_H_9.usdz in Resources */ = {isa = PBXBuildFile; fileRef = F37248642A1E34A400580BC6 /* Playing_Card_Blue_H_9.usdz */; };
		F37248722A1E34A500580BC6 /* Playing_Card_Blue_H_5.usdz in Resources */ = {isa = PBXBuildFile; fileRef = F37248652A1E34A500580BC6 /* Playing_Card_Blue_H_5.usdz */; };
		F37248732A1E34A500580BC6 /* Playing_Card_Blue_H_7.usdz in Resources */ = {isa = PBXBuildFile; fileRef = F37248662A1E34A500580BC6 /* Playing_Card_Blue_H_7.usdz */; };
		F37248742A1E34A500580BC6 /* Playing_Card_Blue_H_10.usdz in Resources */ = {isa = PBXBuildFile; fileRef = F37248672A1E34A500580BC6 /* Playing_Card_Blue_H_10.usdz */; };
		F37248752A1E34A500580BC6 /* Playing_Card_Blue_H_2.usdz in Resources */ = {isa = PBXBuildFile; fileRef = F37248682A1E34A500580BC6 /* Playing_Card_Blue_H_2.usdz */; };
		F37248762A1E34A500580BC6 /* Playing_Card_Blue_H_3.usdz in Resources */ = {isa = PBXBuildFile; fileRef = F37248692A1E34A500580BC6 /* Playing_Card_Blue_H_3.usdz */; };
		F37248772A1E34A500580BC6 /* Playing_Card_Blue_H_Q.usdz in Resources */ = {isa = PBXBuildFile; fileRef = F372486A2A1E34A500580BC6 /* Playing_Card_Blue_H_Q.usdz */; };
		F372487A2A1E34B200580BC6 /* Playing_Card_Blue_Joker_1.usdz in Resources */ = {isa = PBXBuildFile; fileRef = F37248782A1E34B200580BC6 /* Playing_Card_Blue_Joker_1.usdz */; };
		F372487B2A1E34B200580BC6 /* Playing_Card_Blue_Joker_2.usdz in Resources */ = {isa = PBXBuildFile; fileRef = F37248792A1E34B200580BC6 /* Playing_Card_Blue_Joker_2.usdz */; };
		F37248892A1E34C000580BC6 /* Playing_Card_Blue_S_2.usdz in Resources */ = {isa = PBXBuildFile; fileRef = F372487C2A1E34BF00580BC6 /* Playing_Card_Blue_S_2.usdz */; };
		F372488A2A1E34C000580BC6 /* Playing_Card_Blue_S_4.usdz in Resources */ = {isa = PBXBuildFile; fileRef = F372487D2A1E34BF00580BC6 /* Playing_Card_Blue_S_4.usdz */; };
		F372488B2A1E34C000580BC6 /* Playing_Card_Blue_S_8.usdz in Resources */ = {isa = PBXBuildFile; fileRef = F372487E2A1E34BF00580BC6 /* Playing_Card_Blue_S_8.usdz */; };
		F372488C2A1E34C000580BC6 /* Playing_Card_Blue_S_9.usdz in Resources */ = {isa = PBXBuildFile; fileRef = F372487F2A1E34C000580BC6 /* Playing_Card_Blue_S_9.usdz */; };
		F372488D2A1E34C000580BC6 /* Playing_Card_Blue_S_J.usdz in Resources */ = {isa = PBXBuildFile; fileRef = F37248802A1E34C000580BC6 /* Playing_Card_Blue_S_J.usdz */; };
		F372488E2A1E34C000580BC6 /* Playing_Card_Blue_S_10.usdz in Resources */ = {isa = PBXBuildFile; fileRef = F37248812A1E34C000580BC6 /* Playing_Card_Blue_S_10.usdz */; };
		F372488F2A1E34C000580BC6 /* Playing_Card_Blue_S_5.usdz in Resources */ = {isa = PBXBuildFile; fileRef = F37248822A1E34C000580BC6 /* Playing_Card_Blue_S_5.usdz */; };
		F37248902A1E34C000580BC6 /* Playing_Card_Blue_S_3.usdz in Resources */ = {isa = PBXBuildFile; fileRef = F37248832A1E34C000580BC6 /* Playing_Card_Blue_S_3.usdz */; };
		F37248912A1E34C000580BC6 /* Playing_Card_Blue_S_Q.usdz in Resources */ = {isa = PBXBuildFile; fileRef = F37248842A1E34C000580BC6 /* Playing_Card_Blue_S_Q.usdz */; };
		F37248922A1E34C000580BC6 /* Playing_Card_Blue_S_7.usdz in Resources */ = {isa = PBXBuildFile; fileRef = F37248852A1E34C000580BC6 /* Playing_Card_Blue_S_7.usdz */; };
		F37248932A1E34C000580BC6 /* Playing_Card_Blue_S_K.usdz in Resources */ = {isa = PBXBuildFile; fileRef = F37248862A1E34C000580BC6 /* Playing_Card_Blue_S_K.usdz */; };
		F37248942A1E34C000580BC6 /* Playing_Card_Blue_S_A.usdz in Resources */ = {isa = PBXBuildFile; fileRef = F37248872A1E34C000580BC6 /* Playing_Card_Blue_S_A.usdz */; };
		F37248952A1E34C000580BC6 /* Playing_Card_Blue_S_6.usdz in Resources */ = {isa = PBXBuildFile; fileRef = F37248882A1E34C000580BC6 /* Playing_Card_Blue_S_6.usdz */; };
		F3D399C62A4796FE009B6A77 /* GameState.swift in Sources */ = {isa = PBXBuildFile; fileRef = F3D399C52A4796FE009B6A77 /* GameState.swift */; };
		F3D399C82A47971C009B6A77 /* CallToActionView.swift in Sources */ = {isa = PBXBuildFile; fileRef = F3D399C72A47971C009B6A77 /* CallToActionView.swift */; };
		F3D399CA2A48D468009B6A77 /* Player.swift in Sources */ = {isa = PBXBuildFile; fileRef = F3D399C92A48D468009B6A77 /* Player.swift */; };
		F3D399CC2A48DDD1009B6A77 /* Metal.framework in Frameworks */ = {isa = PBXBuildFile; fileRef = F3D399CB2A48DDD1009B6A77 /* Metal.framework */; };
/* End PBXBuildFile section */

/* Begin PBXFileReference section */
		F3020EDC29F5927F0011F0CB /* CardGameAR.app */ = {isa = PBXFileReference; explicitFileType = wrapper.application; includeInIndex = 0; path = CardGameAR.app; sourceTree = BUILT_PRODUCTS_DIR; };
		F3020EDF29F5927F0011F0CB /* AppDelegate.swift */ = {isa = PBXFileReference; lastKnownFileType = sourcecode.swift; path = AppDelegate.swift; sourceTree = "<group>"; };
		F3020EE129F5927F0011F0CB /* ViewController.swift */ = {isa = PBXFileReference; lastKnownFileType = sourcecode.swift; path = ViewController.swift; sourceTree = "<group>"; };
		F3020EE329F5927F0011F0CB /* Experience.rcproject */ = {isa = PBXFileReference; lastKnownFileType = file.rcproject; path = Experience.rcproject; sourceTree = "<group>"; };
		F3020EE829F592800011F0CB /* Assets.xcassets */ = {isa = PBXFileReference; lastKnownFileType = folder.assetcatalog; path = Assets.xcassets; sourceTree = "<group>"; };
		F3020EEB29F592800011F0CB /* Base */ = {isa = PBXFileReference; lastKnownFileType = file.storyboard; name = Base; path = Base.lproj/LaunchScreen.storyboard; sourceTree = "<group>"; };
		F32686E12A604528008760B0 /* EntityExtension.swift */ = {isa = PBXFileReference; lastKnownFileType = sourcecode.swift; path = EntityExtension.swift; sourceTree = "<group>"; };
		F32686E32A632EA8008760B0 /* DiscardPile.swift */ = {isa = PBXFileReference; lastKnownFileType = sourcecode.swift; path = DiscardPile.swift; sourceTree = "<group>"; };
		F32686E52A656254008760B0 /* UndoView.swift */ = {isa = PBXFileReference; lastKnownFileType = sourcecode.swift; path = UndoView.swift; sourceTree = "<group>"; };
		F32686E72A66D800008760B0 /* LastRoundCallView.swift */ = {isa = PBXFileReference; lastKnownFileType = sourcecode.swift; path = LastRoundCallView.swift; sourceTree = "<group>"; };
		F32AF1C82A30B8E4005F95FA /* SequenceExtension.swift */ = {isa = PBXFileReference; lastKnownFileType = sourcecode.swift; path = SequenceExtension.swift; sourceTree = "<group>"; };
		F35040E72A431FD100117BF2 /* DrawPile.swift */ = {isa = PBXFileReference; lastKnownFileType = sourcecode.swift; path = DrawPile.swift; sourceTree = "<group>"; };
		F35040E92A43952600117BF2 /* CardGameError.swift */ = {isa = PBXFileReference; lastKnownFileType = sourcecode.swift; path = CardGameError.swift; sourceTree = "<group>"; };
		F35A49802A0BBFFC00635215 /* Playing_Cards_Standard.usdz */ = {isa = PBXFileReference; lastKnownFileType = file.usdz; path = Playing_Cards_Standard.usdz; sourceTree = "<group>"; };
		F35A49822A0BCA8600635215 /* PlayingCard.swift */ = {isa = PBXFileReference; lastKnownFileType = sourcecode.swift; path = PlayingCard.swift; sourceTree = "<group>"; };
		F37111E12A278291003F53F4 /* Playing_Cards.usdz */ = {isa = PBXFileReference; lastKnownFileType = file.usdz; path = Playing_Cards.usdz; sourceTree = "<group>"; };
		F372482A2A1E348000580BC6 /* Playing_Card_Blue_C_5.usdz */ = {isa = PBXFileReference; lastKnownFileType = file.usdz; path = Playing_Card_Blue_C_5.usdz; sourceTree = "<group>"; };
		F372482B2A1E348000580BC6 /* Playing_Card_Blue_C_3.usdz */ = {isa = PBXFileReference; lastKnownFileType = file.usdz; path = Playing_Card_Blue_C_3.usdz; sourceTree = "<group>"; };
		F372482C2A1E348100580BC6 /* Playing_Card_Blue_C_7.usdz */ = {isa = PBXFileReference; lastKnownFileType = file.usdz; path = Playing_Card_Blue_C_7.usdz; sourceTree = "<group>"; };
		F372482D2A1E348100580BC6 /* Playing_Card_Blue_C_4.usdz */ = {isa = PBXFileReference; lastKnownFileType = file.usdz; path = Playing_Card_Blue_C_4.usdz; sourceTree = "<group>"; };
		F372482E2A1E348100580BC6 /* Playing_Card_Blue_C_J.usdz */ = {isa = PBXFileReference; lastKnownFileType = file.usdz; path = Playing_Card_Blue_C_J.usdz; sourceTree = "<group>"; };
		F372482F2A1E348100580BC6 /* Playing_Card_Blue_C_8.usdz */ = {isa = PBXFileReference; lastKnownFileType = file.usdz; path = Playing_Card_Blue_C_8.usdz; sourceTree = "<group>"; };
		F37248302A1E348100580BC6 /* Playing_Card_Blue_C_10.usdz */ = {isa = PBXFileReference; lastKnownFileType = file.usdz; path = Playing_Card_Blue_C_10.usdz; sourceTree = "<group>"; };
		F37248312A1E348100580BC6 /* Playing_Card_Blue_C_Q.usdz */ = {isa = PBXFileReference; lastKnownFileType = file.usdz; path = Playing_Card_Blue_C_Q.usdz; sourceTree = "<group>"; };
		F37248322A1E348100580BC6 /* Playing_Card_Blue_C_2.usdz */ = {isa = PBXFileReference; lastKnownFileType = file.usdz; path = Playing_Card_Blue_C_2.usdz; sourceTree = "<group>"; };
		F37248332A1E348100580BC6 /* Playing_Card_Blue_C_9.usdz */ = {isa = PBXFileReference; lastKnownFileType = file.usdz; path = Playing_Card_Blue_C_9.usdz; sourceTree = "<group>"; };
		F37248342A1E348100580BC6 /* Playing_Card_Blue_C_A.usdz */ = {isa = PBXFileReference; lastKnownFileType = file.usdz; path = Playing_Card_Blue_C_A.usdz; sourceTree = "<group>"; };
		F37248352A1E348100580BC6 /* Playing_Card_Blue_C_K.usdz */ = {isa = PBXFileReference; lastKnownFileType = file.usdz; path = Playing_Card_Blue_C_K.usdz; sourceTree = "<group>"; };
		F37248362A1E348100580BC6 /* Playing_Card_Blue_C_6.usdz */ = {isa = PBXFileReference; lastKnownFileType = file.usdz; path = Playing_Card_Blue_C_6.usdz; sourceTree = "<group>"; };
		F37248442A1E348F00580BC6 /* Playing_Card_Blue_D_6.usdz */ = {isa = PBXFileReference; lastKnownFileType = file.usdz; path = Playing_Card_Blue_D_6.usdz; sourceTree = "<group>"; };
		F37248452A1E348F00580BC6 /* Playing_Card_Blue_D_10.usdz */ = {isa = PBXFileReference; lastKnownFileType = file.usdz; path = Playing_Card_Blue_D_10.usdz; sourceTree = "<group>"; };
		F37248462A1E348F00580BC6 /* Playing_Card_Blue_D_8.usdz */ = {isa = PBXFileReference; lastKnownFileType = file.usdz; path = Playing_Card_Blue_D_8.usdz; sourceTree = "<group>"; };
		F37248472A1E348F00580BC6 /* Playing_Card_Blue_D_J.usdz */ = {isa = PBXFileReference; lastKnownFileType = file.usdz; path = Playing_Card_Blue_D_J.usdz; sourceTree = "<group>"; };
		F37248482A1E348F00580BC6 /* Playing_Card_Blue_D_2.usdz */ = {isa = PBXFileReference; lastKnownFileType = file.usdz; path = Playing_Card_Blue_D_2.usdz; sourceTree = "<group>"; };
		F37248492A1E348F00580BC6 /* Playing_Card_Blue_D_5.usdz */ = {isa = PBXFileReference; lastKnownFileType = file.usdz; path = Playing_Card_Blue_D_5.usdz; sourceTree = "<group>"; };
		F372484A2A1E348F00580BC6 /* Playing_Card_Blue_D_A.usdz */ = {isa = PBXFileReference; lastKnownFileType = file.usdz; path = Playing_Card_Blue_D_A.usdz; sourceTree = "<group>"; };
		F372484B2A1E348F00580BC6 /* Playing_Card_Blue_D_7.usdz */ = {isa = PBXFileReference; lastKnownFileType = file.usdz; path = Playing_Card_Blue_D_7.usdz; sourceTree = "<group>"; };
		F372484C2A1E348F00580BC6 /* Playing_Card_Blue_D_9.usdz */ = {isa = PBXFileReference; lastKnownFileType = file.usdz; path = Playing_Card_Blue_D_9.usdz; sourceTree = "<group>"; };
		F372484D2A1E349000580BC6 /* Playing_Card_Blue_D_4.usdz */ = {isa = PBXFileReference; lastKnownFileType = file.usdz; path = Playing_Card_Blue_D_4.usdz; sourceTree = "<group>"; };
		F372484E2A1E349000580BC6 /* Playing_Card_Blue_D_3.usdz */ = {isa = PBXFileReference; lastKnownFileType = file.usdz; path = Playing_Card_Blue_D_3.usdz; sourceTree = "<group>"; };
		F372484F2A1E349000580BC6 /* Playing_Card_Blue_D_K.usdz */ = {isa = PBXFileReference; lastKnownFileType = file.usdz; path = Playing_Card_Blue_D_K.usdz; sourceTree = "<group>"; };
		F37248502A1E349000580BC6 /* Playing_Card_Blue_D_Q.usdz */ = {isa = PBXFileReference; lastKnownFileType = file.usdz; path = Playing_Card_Blue_D_Q.usdz; sourceTree = "<group>"; };
		F372485E2A1E34A400580BC6 /* Playing_Card_Blue_H_6.usdz */ = {isa = PBXFileReference; lastKnownFileType = file.usdz; path = Playing_Card_Blue_H_6.usdz; sourceTree = "<group>"; };
		F372485F2A1E34A400580BC6 /* Playing_Card_Blue_H_A.usdz */ = {isa = PBXFileReference; lastKnownFileType = file.usdz; path = Playing_Card_Blue_H_A.usdz; sourceTree = "<group>"; };
		F37248602A1E34A400580BC6 /* Playing_Card_Blue_H_J.usdz */ = {isa = PBXFileReference; lastKnownFileType = file.usdz; path = Playing_Card_Blue_H_J.usdz; sourceTree = "<group>"; };
		F37248612A1E34A400580BC6 /* Playing_Card_Blue_H_8.usdz */ = {isa = PBXFileReference; lastKnownFileType = file.usdz; path = Playing_Card_Blue_H_8.usdz; sourceTree = "<group>"; };
		F37248622A1E34A400580BC6 /* Playing_Card_Blue_H_4.usdz */ = {isa = PBXFileReference; lastKnownFileType = file.usdz; path = Playing_Card_Blue_H_4.usdz; sourceTree = "<group>"; };
		F37248632A1E34A400580BC6 /* Playing_Card_Blue_H_K.usdz */ = {isa = PBXFileReference; lastKnownFileType = file.usdz; path = Playing_Card_Blue_H_K.usdz; sourceTree = "<group>"; };
		F37248642A1E34A400580BC6 /* Playing_Card_Blue_H_9.usdz */ = {isa = PBXFileReference; lastKnownFileType = file.usdz; path = Playing_Card_Blue_H_9.usdz; sourceTree = "<group>"; };
		F37248652A1E34A500580BC6 /* Playing_Card_Blue_H_5.usdz */ = {isa = PBXFileReference; lastKnownFileType = file.usdz; path = Playing_Card_Blue_H_5.usdz; sourceTree = "<group>"; };
		F37248662A1E34A500580BC6 /* Playing_Card_Blue_H_7.usdz */ = {isa = PBXFileReference; lastKnownFileType = file.usdz; path = Playing_Card_Blue_H_7.usdz; sourceTree = "<group>"; };
		F37248672A1E34A500580BC6 /* Playing_Card_Blue_H_10.usdz */ = {isa = PBXFileReference; lastKnownFileType = file.usdz; path = Playing_Card_Blue_H_10.usdz; sourceTree = "<group>"; };
		F37248682A1E34A500580BC6 /* Playing_Card_Blue_H_2.usdz */ = {isa = PBXFileReference; lastKnownFileType = file.usdz; path = Playing_Card_Blue_H_2.usdz; sourceTree = "<group>"; };
		F37248692A1E34A500580BC6 /* Playing_Card_Blue_H_3.usdz */ = {isa = PBXFileReference; lastKnownFileType = file.usdz; path = Playing_Card_Blue_H_3.usdz; sourceTree = "<group>"; };
		F372486A2A1E34A500580BC6 /* Playing_Card_Blue_H_Q.usdz */ = {isa = PBXFileReference; lastKnownFileType = file.usdz; path = Playing_Card_Blue_H_Q.usdz; sourceTree = "<group>"; };
		F37248782A1E34B200580BC6 /* Playing_Card_Blue_Joker_1.usdz */ = {isa = PBXFileReference; lastKnownFileType = file.usdz; path = Playing_Card_Blue_Joker_1.usdz; sourceTree = "<group>"; };
		F37248792A1E34B200580BC6 /* Playing_Card_Blue_Joker_2.usdz */ = {isa = PBXFileReference; lastKnownFileType = file.usdz; path = Playing_Card_Blue_Joker_2.usdz; sourceTree = "<group>"; };
		F372487C2A1E34BF00580BC6 /* Playing_Card_Blue_S_2.usdz */ = {isa = PBXFileReference; lastKnownFileType = file.usdz; path = Playing_Card_Blue_S_2.usdz; sourceTree = "<group>"; };
		F372487D2A1E34BF00580BC6 /* Playing_Card_Blue_S_4.usdz */ = {isa = PBXFileReference; lastKnownFileType = file.usdz; path = Playing_Card_Blue_S_4.usdz; sourceTree = "<group>"; };
		F372487E2A1E34BF00580BC6 /* Playing_Card_Blue_S_8.usdz */ = {isa = PBXFileReference; lastKnownFileType = file.usdz; path = Playing_Card_Blue_S_8.usdz; sourceTree = "<group>"; };
		F372487F2A1E34C000580BC6 /* Playing_Card_Blue_S_9.usdz */ = {isa = PBXFileReference; lastKnownFileType = file.usdz; path = Playing_Card_Blue_S_9.usdz; sourceTree = "<group>"; };
		F37248802A1E34C000580BC6 /* Playing_Card_Blue_S_J.usdz */ = {isa = PBXFileReference; lastKnownFileType = file.usdz; path = Playing_Card_Blue_S_J.usdz; sourceTree = "<group>"; };
		F37248812A1E34C000580BC6 /* Playing_Card_Blue_S_10.usdz */ = {isa = PBXFileReference; lastKnownFileType = file.usdz; path = Playing_Card_Blue_S_10.usdz; sourceTree = "<group>"; };
		F37248822A1E34C000580BC6 /* Playing_Card_Blue_S_5.usdz */ = {isa = PBXFileReference; lastKnownFileType = file.usdz; path = Playing_Card_Blue_S_5.usdz; sourceTree = "<group>"; };
		F37248832A1E34C000580BC6 /* Playing_Card_Blue_S_3.usdz */ = {isa = PBXFileReference; lastKnownFileType = file.usdz; path = Playing_Card_Blue_S_3.usdz; sourceTree = "<group>"; };
		F37248842A1E34C000580BC6 /* Playing_Card_Blue_S_Q.usdz */ = {isa = PBXFileReference; lastKnownFileType = file.usdz; path = Playing_Card_Blue_S_Q.usdz; sourceTree = "<group>"; };
		F37248852A1E34C000580BC6 /* Playing_Card_Blue_S_7.usdz */ = {isa = PBXFileReference; lastKnownFileType = file.usdz; path = Playing_Card_Blue_S_7.usdz; sourceTree = "<group>"; };
		F37248862A1E34C000580BC6 /* Playing_Card_Blue_S_K.usdz */ = {isa = PBXFileReference; lastKnownFileType = file.usdz; path = Playing_Card_Blue_S_K.usdz; sourceTree = "<group>"; };
		F37248872A1E34C000580BC6 /* Playing_Card_Blue_S_A.usdz */ = {isa = PBXFileReference; lastKnownFileType = file.usdz; path = Playing_Card_Blue_S_A.usdz; sourceTree = "<group>"; };
		F37248882A1E34C000580BC6 /* Playing_Card_Blue_S_6.usdz */ = {isa = PBXFileReference; lastKnownFileType = file.usdz; path = Playing_Card_Blue_S_6.usdz; sourceTree = "<group>"; };
		F3D399C52A4796FE009B6A77 /* GameState.swift */ = {isa = PBXFileReference; lastKnownFileType = sourcecode.swift; path = GameState.swift; sourceTree = "<group>"; };
		F3D399C72A47971C009B6A77 /* CallToActionView.swift */ = {isa = PBXFileReference; lastKnownFileType = sourcecode.swift; path = CallToActionView.swift; sourceTree = "<group>"; };
		F3D399C92A48D468009B6A77 /* Player.swift */ = {isa = PBXFileReference; lastKnownFileType = sourcecode.swift; path = Player.swift; sourceTree = "<group>"; };
		F3D399CB2A48DDD1009B6A77 /* Metal.framework */ = {isa = PBXFileReference; lastKnownFileType = wrapper.framework; name = Metal.framework; path = System/Library/Frameworks/Metal.framework; sourceTree = SDKROOT; };
/* End PBXFileReference section */

/* Begin PBXFrameworksBuildPhase section */
		F3020ED929F5927F0011F0CB /* Frameworks */ = {
			isa = PBXFrameworksBuildPhase;
			buildActionMask = 2147483647;
			files = (
				F3D399CC2A48DDD1009B6A77 /* Metal.framework in Frameworks */,
			);
			runOnlyForDeploymentPostprocessing = 0;
		};
/* End PBXFrameworksBuildPhase section */

/* Begin PBXGroup section */
		38780F1C2FD3E770B176A416 /* Frameworks */ = {
			isa = PBXGroup;
			children = (
				F3D399CB2A48DDD1009B6A77 /* Metal.framework */,
			);
			name = Frameworks;
			sourceTree = "<group>";
		};
		F3020ED329F5927F0011F0CB = {
			isa = PBXGroup;
			children = (
				F3020EDE29F5927F0011F0CB /* CardGameAR */,
				F3020EDD29F5927F0011F0CB /* Products */,
				38780F1C2FD3E770B176A416 /* Frameworks */,
			);
			sourceTree = "<group>";
		};
		F3020EDD29F5927F0011F0CB /* Products */ = {
			isa = PBXGroup;
			children = (
				F3020EDC29F5927F0011F0CB /* CardGameAR.app */,
			);
			name = Products;
			sourceTree = "<group>";
		};
		F3020EDE29F5927F0011F0CB /* CardGameAR */ = {
			isa = PBXGroup;
			children = (
				F3020EE329F5927F0011F0CB /* Experience.rcproject */,
				F3020EDF29F5927F0011F0CB /* AppDelegate.swift */,
				F3D399C72A47971C009B6A77 /* CallToActionView.swift */,
				F35040E92A43952600117BF2 /* CardGameError.swift */,
				F32686E32A632EA8008760B0 /* DiscardPile.swift */,
				F35040E72A431FD100117BF2 /* DrawPile.swift */,
				F32686E12A604528008760B0 /* EntityExtension.swift */,
				F3D399C52A4796FE009B6A77 /* GameState.swift */,
				F32686E72A66D800008760B0 /* LastRoundCallView.swift */,
				F3D399C92A48D468009B6A77 /* Player.swift */,
				F35A49822A0BCA8600635215 /* PlayingCard.swift */,
				F32AF1C82A30B8E4005F95FA /* SequenceExtension.swift */,
				F32686E52A656254008760B0 /* UndoView.swift */,
				F3020EE129F5927F0011F0CB /* ViewController.swift */,
				F3020EE829F592800011F0CB /* Assets.xcassets */,
				F3020EEA29F592800011F0CB /* LaunchScreen.storyboard */,
				F3020EF229F5BAC70011F0CB /* Resources */,
			);
			path = CardGameAR;
			sourceTree = "<group>";
		};
		F3020EF229F5BAC70011F0CB /* Resources */ = {
			isa = PBXGroup;
			children = (
				F37111E12A278291003F53F4 /* Playing_Cards.usdz */,
				F37247182A17DBC000580BC6 /* Blue */,
				F35A49802A0BBFFC00635215 /* Playing_Cards_Standard.usdz */,
			);
			path = Resources;
			sourceTree = "<group>";
		};
		F37247182A17DBC000580BC6 /* Blue */ = {
			isa = PBXGroup;
			children = (
				F372478B2A17E23000580BC6 /* Joker */,
				F372478A2A17E21A00580BC6 /* Spades */,
				F37247892A17E20400580BC6 /* Hearts */,
				F37247882A17E1EE00580BC6 /* Diamonds */,
				F37247872A17E19C00580BC6 /* Clubs */,
			);
			path = Blue;
			sourceTree = "<group>";
		};
		F37247872A17E19C00580BC6 /* Clubs */ = {
			isa = PBXGroup;
			children = (
				F37248322A1E348100580BC6 /* Playing_Card_Blue_C_2.usdz */,
				F372482B2A1E348000580BC6 /* Playing_Card_Blue_C_3.usdz */,
				F372482D2A1E348100580BC6 /* Playing_Card_Blue_C_4.usdz */,
				F372482A2A1E348000580BC6 /* Playing_Card_Blue_C_5.usdz */,
				F37248362A1E348100580BC6 /* Playing_Card_Blue_C_6.usdz */,
				F372482C2A1E348100580BC6 /* Playing_Card_Blue_C_7.usdz */,
				F372482F2A1E348100580BC6 /* Playing_Card_Blue_C_8.usdz */,
				F37248332A1E348100580BC6 /* Playing_Card_Blue_C_9.usdz */,
				F37248302A1E348100580BC6 /* Playing_Card_Blue_C_10.usdz */,
				F37248342A1E348100580BC6 /* Playing_Card_Blue_C_A.usdz */,
				F372482E2A1E348100580BC6 /* Playing_Card_Blue_C_J.usdz */,
				F37248352A1E348100580BC6 /* Playing_Card_Blue_C_K.usdz */,
				F37248312A1E348100580BC6 /* Playing_Card_Blue_C_Q.usdz */,
			);
			path = Clubs;
			sourceTree = "<group>";
		};
		F37247882A17E1EE00580BC6 /* Diamonds */ = {
			isa = PBXGroup;
			children = (
				F37248482A1E348F00580BC6 /* Playing_Card_Blue_D_2.usdz */,
				F372484E2A1E349000580BC6 /* Playing_Card_Blue_D_3.usdz */,
				F372484D2A1E349000580BC6 /* Playing_Card_Blue_D_4.usdz */,
				F37248492A1E348F00580BC6 /* Playing_Card_Blue_D_5.usdz */,
				F37248442A1E348F00580BC6 /* Playing_Card_Blue_D_6.usdz */,
				F372484B2A1E348F00580BC6 /* Playing_Card_Blue_D_7.usdz */,
				F37248462A1E348F00580BC6 /* Playing_Card_Blue_D_8.usdz */,
				F372484C2A1E348F00580BC6 /* Playing_Card_Blue_D_9.usdz */,
				F37248452A1E348F00580BC6 /* Playing_Card_Blue_D_10.usdz */,
				F372484A2A1E348F00580BC6 /* Playing_Card_Blue_D_A.usdz */,
				F37248472A1E348F00580BC6 /* Playing_Card_Blue_D_J.usdz */,
				F372484F2A1E349000580BC6 /* Playing_Card_Blue_D_K.usdz */,
				F37248502A1E349000580BC6 /* Playing_Card_Blue_D_Q.usdz */,
			);
			path = Diamonds;
			sourceTree = "<group>";
		};
		F37247892A17E20400580BC6 /* Hearts */ = {
			isa = PBXGroup;
			children = (
				F37248682A1E34A500580BC6 /* Playing_Card_Blue_H_2.usdz */,
				F37248692A1E34A500580BC6 /* Playing_Card_Blue_H_3.usdz */,
				F37248622A1E34A400580BC6 /* Playing_Card_Blue_H_4.usdz */,
				F37248652A1E34A500580BC6 /* Playing_Card_Blue_H_5.usdz */,
				F372485E2A1E34A400580BC6 /* Playing_Card_Blue_H_6.usdz */,
				F37248662A1E34A500580BC6 /* Playing_Card_Blue_H_7.usdz */,
				F37248612A1E34A400580BC6 /* Playing_Card_Blue_H_8.usdz */,
				F37248642A1E34A400580BC6 /* Playing_Card_Blue_H_9.usdz */,
				F37248672A1E34A500580BC6 /* Playing_Card_Blue_H_10.usdz */,
				F372485F2A1E34A400580BC6 /* Playing_Card_Blue_H_A.usdz */,
				F37248602A1E34A400580BC6 /* Playing_Card_Blue_H_J.usdz */,
				F37248632A1E34A400580BC6 /* Playing_Card_Blue_H_K.usdz */,
				F372486A2A1E34A500580BC6 /* Playing_Card_Blue_H_Q.usdz */,
			);
			path = Hearts;
			sourceTree = "<group>";
		};
		F372478A2A17E21A00580BC6 /* Spades */ = {
			isa = PBXGroup;
			children = (
				F372487C2A1E34BF00580BC6 /* Playing_Card_Blue_S_2.usdz */,
				F37248832A1E34C000580BC6 /* Playing_Card_Blue_S_3.usdz */,
				F372487D2A1E34BF00580BC6 /* Playing_Card_Blue_S_4.usdz */,
				F37248822A1E34C000580BC6 /* Playing_Card_Blue_S_5.usdz */,
				F37248882A1E34C000580BC6 /* Playing_Card_Blue_S_6.usdz */,
				F37248852A1E34C000580BC6 /* Playing_Card_Blue_S_7.usdz */,
				F372487E2A1E34BF00580BC6 /* Playing_Card_Blue_S_8.usdz */,
				F372487F2A1E34C000580BC6 /* Playing_Card_Blue_S_9.usdz */,
				F37248812A1E34C000580BC6 /* Playing_Card_Blue_S_10.usdz */,
				F37248872A1E34C000580BC6 /* Playing_Card_Blue_S_A.usdz */,
				F37248802A1E34C000580BC6 /* Playing_Card_Blue_S_J.usdz */,
				F37248862A1E34C000580BC6 /* Playing_Card_Blue_S_K.usdz */,
				F37248842A1E34C000580BC6 /* Playing_Card_Blue_S_Q.usdz */,
			);
			path = Spades;
			sourceTree = "<group>";
		};
		F372478B2A17E23000580BC6 /* Joker */ = {
			isa = PBXGroup;
			children = (
				F37248782A1E34B200580BC6 /* Playing_Card_Blue_Joker_1.usdz */,
				F37248792A1E34B200580BC6 /* Playing_Card_Blue_Joker_2.usdz */,
			);
			path = Joker;
			sourceTree = "<group>";
		};
/* End PBXGroup section */

/* Begin PBXNativeTarget section */
		F3020EDB29F5927F0011F0CB /* CardGameAR */ = {
			isa = PBXNativeTarget;
			buildConfigurationList = F3020EEF29F592800011F0CB /* Build configuration list for PBXNativeTarget "CardGameAR" */;
			buildPhases = (
				F3020ED829F5927F0011F0CB /* Sources */,
				F3020ED929F5927F0011F0CB /* Frameworks */,
				F3020EDA29F5927F0011F0CB /* Resources */,
			);
			buildRules = (
			);
			dependencies = (
			);
			name = CardGameAR;
			productName = CardGameAR;
			productReference = F3020EDC29F5927F0011F0CB /* CardGameAR.app */;
			productType = "com.apple.product-type.application";
		};
/* End PBXNativeTarget section */

/* Begin PBXProject section */
		F3020ED429F5927F0011F0CB /* Project object */ = {
			isa = PBXProject;
			attributes = {
				BuildIndependentTargetsInParallel = 1;
				LastSwiftUpdateCheck = 1430;
				LastUpgradeCheck = 1430;
				TargetAttributes = {
					F3020EDB29F5927F0011F0CB = {
						CreatedOnToolsVersion = 14.3;
					};
				};
			};
			buildConfigurationList = F3020ED729F5927F0011F0CB /* Build configuration list for PBXProject "CardGameAR" */;
			compatibilityVersion = "Xcode 14.0";
			developmentRegion = en;
			hasScannedForEncodings = 0;
			knownRegions = (
				en,
				Base,
			);
			mainGroup = F3020ED329F5927F0011F0CB;
			productRefGroup = F3020EDD29F5927F0011F0CB /* Products */;
			projectDirPath = "";
			projectRoot = "";
			targets = (
				F3020EDB29F5927F0011F0CB /* CardGameAR */,
			);
		};
/* End PBXProject section */

/* Begin PBXResourcesBuildPhase section */
		F3020EDA29F5927F0011F0CB /* Resources */ = {
			isa = PBXResourcesBuildPhase;
			buildActionMask = 2147483647;
			files = (
				F372486C2A1E34A500580BC6 /* Playing_Card_Blue_H_A.usdz in Resources */,
				F372483A2A1E348100580BC6 /* Playing_Card_Blue_C_4.usdz in Resources */,
				F372485D2A1E349000580BC6 /* Playing_Card_Blue_D_Q.usdz in Resources */,
				F37248702A1E34A500580BC6 /* Playing_Card_Blue_H_K.usdz in Resources */,
				F37248922A1E34C000580BC6 /* Playing_Card_Blue_S_7.usdz in Resources */,
				F37248572A1E349000580BC6 /* Playing_Card_Blue_D_A.usdz in Resources */,
				F37111E22A278291003F53F4 /* Playing_Cards.usdz in Resources */,
				F37248562A1E349000580BC6 /* Playing_Card_Blue_D_5.usdz in Resources */,
				F37248582A1E349000580BC6 /* Playing_Card_Blue_D_7.usdz in Resources */,
				F372488D2A1E34C000580BC6 /* Playing_Card_Blue_S_J.usdz in Resources */,
				F372486E2A1E34A500580BC6 /* Playing_Card_Blue_H_8.usdz in Resources */,
				F37248912A1E34C000580BC6 /* Playing_Card_Blue_S_Q.usdz in Resources */,
				F372483D2A1E348100580BC6 /* Playing_Card_Blue_C_10.usdz in Resources */,
				F372483C2A1E348100580BC6 /* Playing_Card_Blue_C_8.usdz in Resources */,
				F37248752A1E34A500580BC6 /* Playing_Card_Blue_H_2.usdz in Resources */,
				F37248372A1E348100580BC6 /* Playing_Card_Blue_C_5.usdz in Resources */,
				F3020EEC29F592800011F0CB /* LaunchScreen.storyboard in Resources */,
				F372483F2A1E348100580BC6 /* Playing_Card_Blue_C_2.usdz in Resources */,
				F37248542A1E349000580BC6 /* Playing_Card_Blue_D_J.usdz in Resources */,
				F37248422A1E348100580BC6 /* Playing_Card_Blue_C_K.usdz in Resources */,
				F37248512A1E349000580BC6 /* Playing_Card_Blue_D_6.usdz in Resources */,
				F372485B2A1E349000580BC6 /* Playing_Card_Blue_D_3.usdz in Resources */,
				F37248732A1E34A500580BC6 /* Playing_Card_Blue_H_7.usdz in Resources */,
				F372488A2A1E34C000580BC6 /* Playing_Card_Blue_S_4.usdz in Resources */,
				F37248552A1E349000580BC6 /* Playing_Card_Blue_D_2.usdz in Resources */,
				F37248402A1E348100580BC6 /* Playing_Card_Blue_C_9.usdz in Resources */,
				F372483E2A1E348100580BC6 /* Playing_Card_Blue_C_Q.usdz in Resources */,
				F37248762A1E34A500580BC6 /* Playing_Card_Blue_H_3.usdz in Resources */,
				F372486D2A1E34A500580BC6 /* Playing_Card_Blue_H_J.usdz in Resources */,
				F37248432A1E348100580BC6 /* Playing_Card_Blue_C_6.usdz in Resources */,
				F37248932A1E34C000580BC6 /* Playing_Card_Blue_S_K.usdz in Resources */,
				F37248722A1E34A500580BC6 /* Playing_Card_Blue_H_5.usdz in Resources */,
				F37248952A1E34C000580BC6 /* Playing_Card_Blue_S_6.usdz in Resources */,
				F37248392A1E348100580BC6 /* Playing_Card_Blue_C_7.usdz in Resources */,
				F372488C2A1E34C000580BC6 /* Playing_Card_Blue_S_9.usdz in Resources */,
				F37248902A1E34C000580BC6 /* Playing_Card_Blue_S_3.usdz in Resources */,
				F372487A2A1E34B200580BC6 /* Playing_Card_Blue_Joker_1.usdz in Resources */,
				F3020EE929F592800011F0CB /* Assets.xcassets in Resources */,
				F372485C2A1E349000580BC6 /* Playing_Card_Blue_D_K.usdz in Resources */,
				F372486F2A1E34A500580BC6 /* Playing_Card_Blue_H_4.usdz in Resources */,
				F37248892A1E34C000580BC6 /* Playing_Card_Blue_S_2.usdz in Resources */,
				F372483B2A1E348100580BC6 /* Playing_Card_Blue_C_J.usdz in Resources */,
				F372488B2A1E34C000580BC6 /* Playing_Card_Blue_S_8.usdz in Resources */,
				F372488E2A1E34C000580BC6 /* Playing_Card_Blue_S_10.usdz in Resources */,
				F37248772A1E34A500580BC6 /* Playing_Card_Blue_H_Q.usdz in Resources */,
				F372487B2A1E34B200580BC6 /* Playing_Card_Blue_Joker_2.usdz in Resources */,
				F37248942A1E34C000580BC6 /* Playing_Card_Blue_S_A.usdz in Resources */,
				F37248532A1E349000580BC6 /* Playing_Card_Blue_D_8.usdz in Resources */,
				F37248522A1E349000580BC6 /* Playing_Card_Blue_D_10.usdz in Resources */,
				F372486B2A1E34A500580BC6 /* Playing_Card_Blue_H_6.usdz in Resources */,
				F372488F2A1E34C000580BC6 /* Playing_Card_Blue_S_5.usdz in Resources */,
				F37248592A1E349000580BC6 /* Playing_Card_Blue_D_9.usdz in Resources */,
				F35A49812A0BBFFC00635215 /* Playing_Cards_Standard.usdz in Resources */,
				F37248412A1E348100580BC6 /* Playing_Card_Blue_C_A.usdz in Resources */,
				F37248712A1E34A500580BC6 /* Playing_Card_Blue_H_9.usdz in Resources */,
				F372485A2A1E349000580BC6 /* Playing_Card_Blue_D_4.usdz in Resources */,
				F37248382A1E348100580BC6 /* Playing_Card_Blue_C_3.usdz in Resources */,
				F37248742A1E34A500580BC6 /* Playing_Card_Blue_H_10.usdz in Resources */,
			);
			runOnlyForDeploymentPostprocessing = 0;
		};
/* End PBXResourcesBuildPhase section */

/* Begin PBXSourcesBuildPhase section */
		F3020ED829F5927F0011F0CB /* Sources */ = {
			isa = PBXSourcesBuildPhase;
			buildActionMask = 2147483647;
			files = (
				F32686E42A632EA8008760B0 /* DiscardPile.swift in Sources */,
				F3020EE229F5927F0011F0CB /* ViewController.swift in Sources */,
				F3020EE029F5927F0011F0CB /* AppDelegate.swift in Sources */,
				F32AF1C92A30B8E4005F95FA /* SequenceExtension.swift in Sources */,
				F35A49832A0BCA8600635215 /* PlayingCard.swift in Sources */,
				F3D399C82A47971C009B6A77 /* CallToActionView.swift in Sources */,
				F35040EA2A43952600117BF2 /* CardGameError.swift in Sources */,
				F3D399C62A4796FE009B6A77 /* GameState.swift in Sources */,
				F3020EE429F5927F0011F0CB /* Experience.rcproject in Sources */,
				F32686E82A66D800008760B0 /* LastRoundCallView.swift in Sources */,
				F32686E22A604528008760B0 /* EntityExtension.swift in Sources */,
				F3D399CA2A48D468009B6A77 /* Player.swift in Sources */,
				F35040E82A431FD100117BF2 /* DrawPile.swift in Sources */,
				F32686E62A656254008760B0 /* UndoView.swift in Sources */,
			);
			runOnlyForDeploymentPostprocessing = 0;
		};
/* End PBXSourcesBuildPhase section */

/* Begin PBXVariantGroup section */
		F3020EEA29F592800011F0CB /* LaunchScreen.storyboard */ = {
			isa = PBXVariantGroup;
			children = (
				F3020EEB29F592800011F0CB /* Base */,
			);
			name = LaunchScreen.storyboard;
			sourceTree = "<group>";
		};
/* End PBXVariantGroup section */

/* Begin XCBuildConfiguration section */
		F3020EED29F592800011F0CB /* Debug */ = {
			isa = XCBuildConfiguration;
			buildSettings = {
				ALWAYS_SEARCH_USER_PATHS = NO;
				CLANG_ANALYZER_NONNULL = YES;
				CLANG_ANALYZER_NUMBER_OBJECT_CONVERSION = YES_AGGRESSIVE;
				CLANG_CXX_LANGUAGE_STANDARD = "gnu++20";
				CLANG_ENABLE_MODULES = YES;
				CLANG_ENABLE_OBJC_ARC = YES;
				CLANG_ENABLE_OBJC_WEAK = YES;
				CLANG_WARN_BLOCK_CAPTURE_AUTORELEASING = YES;
				CLANG_WARN_BOOL_CONVERSION = YES;
				CLANG_WARN_COMMA = YES;
				CLANG_WARN_CONSTANT_CONVERSION = YES;
				CLANG_WARN_DEPRECATED_OBJC_IMPLEMENTATIONS = YES;
				CLANG_WARN_DIRECT_OBJC_ISA_USAGE = YES_ERROR;
				CLANG_WARN_DOCUMENTATION_COMMENTS = YES;
				CLANG_WARN_EMPTY_BODY = YES;
				CLANG_WARN_ENUM_CONVERSION = YES;
				CLANG_WARN_INFINITE_RECURSION = YES;
				CLANG_WARN_INT_CONVERSION = YES;
				CLANG_WARN_NON_LITERAL_NULL_CONVERSION = YES;
				CLANG_WARN_OBJC_IMPLICIT_RETAIN_SELF = YES;
				CLANG_WARN_OBJC_LITERAL_CONVERSION = YES;
				CLANG_WARN_OBJC_ROOT_CLASS = YES_ERROR;
				CLANG_WARN_QUOTED_INCLUDE_IN_FRAMEWORK_HEADER = YES;
				CLANG_WARN_RANGE_LOOP_ANALYSIS = YES;
				CLANG_WARN_STRICT_PROTOTYPES = YES;
				CLANG_WARN_SUSPICIOUS_MOVE = YES;
				CLANG_WARN_UNGUARDED_AVAILABILITY = YES_AGGRESSIVE;
				CLANG_WARN_UNREACHABLE_CODE = YES;
				CLANG_WARN__DUPLICATE_METHOD_MATCH = YES;
				COPY_PHASE_STRIP = NO;
				DEBUG_INFORMATION_FORMAT = dwarf;
				ENABLE_STRICT_OBJC_MSGSEND = YES;
				ENABLE_TESTABILITY = YES;
				GCC_C_LANGUAGE_STANDARD = gnu11;
				GCC_DYNAMIC_NO_PIC = NO;
				GCC_NO_COMMON_BLOCKS = YES;
				GCC_OPTIMIZATION_LEVEL = 0;
				GCC_PREPROCESSOR_DEFINITIONS = (
					"DEBUG=1",
					"$(inherited)",
				);
				GCC_WARN_64_TO_32_BIT_CONVERSION = YES;
				GCC_WARN_ABOUT_RETURN_TYPE = YES_ERROR;
				GCC_WARN_UNDECLARED_SELECTOR = YES;
				GCC_WARN_UNINITIALIZED_AUTOS = YES_AGGRESSIVE;
				GCC_WARN_UNUSED_FUNCTION = YES;
				GCC_WARN_UNUSED_VARIABLE = YES;
				IPHONEOS_DEPLOYMENT_TARGET = 16.0;
				MTL_ENABLE_DEBUG_INFO = INCLUDE_SOURCE;
				MTL_FAST_MATH = YES;
				ONLY_ACTIVE_ARCH = YES;
				SDKROOT = iphoneos;
				SWIFT_ACTIVE_COMPILATION_CONDITIONS = DEBUG;
				SWIFT_OPTIMIZATION_LEVEL = "-Onone";
			};
			name = Debug;
		};
		F3020EEE29F592800011F0CB /* Release */ = {
			isa = XCBuildConfiguration;
			buildSettings = {
				ALWAYS_SEARCH_USER_PATHS = NO;
				CLANG_ANALYZER_NONNULL = YES;
				CLANG_ANALYZER_NUMBER_OBJECT_CONVERSION = YES_AGGRESSIVE;
				CLANG_CXX_LANGUAGE_STANDARD = "gnu++20";
				CLANG_ENABLE_MODULES = YES;
				CLANG_ENABLE_OBJC_ARC = YES;
				CLANG_ENABLE_OBJC_WEAK = YES;
				CLANG_WARN_BLOCK_CAPTURE_AUTORELEASING = YES;
				CLANG_WARN_BOOL_CONVERSION = YES;
				CLANG_WARN_COMMA = YES;
				CLANG_WARN_CONSTANT_CONVERSION = YES;
				CLANG_WARN_DEPRECATED_OBJC_IMPLEMENTATIONS = YES;
				CLANG_WARN_DIRECT_OBJC_ISA_USAGE = YES_ERROR;
				CLANG_WARN_DOCUMENTATION_COMMENTS = YES;
				CLANG_WARN_EMPTY_BODY = YES;
				CLANG_WARN_ENUM_CONVERSION = YES;
				CLANG_WARN_INFINITE_RECURSION = YES;
				CLANG_WARN_INT_CONVERSION = YES;
				CLANG_WARN_NON_LITERAL_NULL_CONVERSION = YES;
				CLANG_WARN_OBJC_IMPLICIT_RETAIN_SELF = YES;
				CLANG_WARN_OBJC_LITERAL_CONVERSION = YES;
				CLANG_WARN_OBJC_ROOT_CLASS = YES_ERROR;
				CLANG_WARN_QUOTED_INCLUDE_IN_FRAMEWORK_HEADER = YES;
				CLANG_WARN_RANGE_LOOP_ANALYSIS = YES;
				CLANG_WARN_STRICT_PROTOTYPES = YES;
				CLANG_WARN_SUSPICIOUS_MOVE = YES;
				CLANG_WARN_UNGUARDED_AVAILABILITY = YES_AGGRESSIVE;
				CLANG_WARN_UNREACHABLE_CODE = YES;
				CLANG_WARN__DUPLICATE_METHOD_MATCH = YES;
				COPY_PHASE_STRIP = NO;
				DEBUG_INFORMATION_FORMAT = "dwarf-with-dsym";
				ENABLE_NS_ASSERTIONS = NO;
				ENABLE_STRICT_OBJC_MSGSEND = YES;
				GCC_C_LANGUAGE_STANDARD = gnu11;
				GCC_NO_COMMON_BLOCKS = YES;
				GCC_WARN_64_TO_32_BIT_CONVERSION = YES;
				GCC_WARN_ABOUT_RETURN_TYPE = YES_ERROR;
				GCC_WARN_UNDECLARED_SELECTOR = YES;
				GCC_WARN_UNINITIALIZED_AUTOS = YES_AGGRESSIVE;
				GCC_WARN_UNUSED_FUNCTION = YES;
				GCC_WARN_UNUSED_VARIABLE = YES;
				IPHONEOS_DEPLOYMENT_TARGET = 16.0;
				MTL_ENABLE_DEBUG_INFO = NO;
				MTL_FAST_MATH = YES;
				SDKROOT = iphoneos;
				SWIFT_COMPILATION_MODE = wholemodule;
				SWIFT_OPTIMIZATION_LEVEL = "-O";
				VALIDATE_PRODUCT = YES;
			};
			name = Release;
		};
		F3020EF029F592800011F0CB /* Debug */ = {
			isa = XCBuildConfiguration;
			buildSettings = {
				ASSETCATALOG_COMPILER_APPICON_NAME = AppIcon;
				ASSETCATALOG_COMPILER_GLOBAL_ACCENT_COLOR_NAME = AccentColor;
				CODE_SIGN_STYLE = Automatic;
				CURRENT_PROJECT_VERSION = 1;
				DEVELOPMENT_TEAM = D89MCXTTT7;
				GENERATE_INFOPLIST_FILE = YES;
				INFOPLIST_KEY_NSCameraUsageDescription = "";
				INFOPLIST_KEY_UIApplicationSupportsIndirectInputEvents = YES;
				INFOPLIST_KEY_UILaunchStoryboardName = LaunchScreen;
				INFOPLIST_KEY_UIRequiredDeviceCapabilities = arkit;
				INFOPLIST_KEY_UIStatusBarHidden = YES;
				INFOPLIST_KEY_UISupportedInterfaceOrientations_iPad = "UIInterfaceOrientationPortrait UIInterfaceOrientationPortraitUpsideDown UIInterfaceOrientationLandscapeLeft UIInterfaceOrientationLandscapeRight";
				INFOPLIST_KEY_UISupportedInterfaceOrientations_iPhone = "UIInterfaceOrientationPortrait UIInterfaceOrientationLandscapeLeft UIInterfaceOrientationLandscapeRight";
				IPHONEOS_DEPLOYMENT_TARGET = 26.0;
				LD_RUNPATH_SEARCH_PATHS = (
					"$(inherited)",
					"@executable_path/Frameworks",
				);
				MARKETING_VERSION = 1.0;
				PRODUCT_BUNDLE_IDENTIFIER = "de.htw-berlin.cardgame-ar";
				PRODUCT_NAME = "$(TARGET_NAME)";
				SWIFT_EMIT_LOC_STRINGS = YES;
				SWIFT_VERSION = 5.0;
				TARGETED_DEVICE_FAMILY = "1,2";
			};
			name = Debug;
		};
		F3020EF129F592800011F0CB /* Release */ = {
			isa = XCBuildConfiguration;
			buildSettings = {
				ASSETCATALOG_COMPILER_APPICON_NAME = AppIcon;
				ASSETCATALOG_COMPILER_GLOBAL_ACCENT_COLOR_NAME = AccentColor;
				CODE_SIGN_STYLE = Automatic;
				CURRENT_PROJECT_VERSION = 1;
				DEVELOPMENT_TEAM = D89MCXTTT7;
				GENERATE_INFOPLIST_FILE = YES;
				INFOPLIST_KEY_NSCameraUsageDescription = "";
				INFOPLIST_KEY_UIApplicationSupportsIndirectInputEvents = YES;
				INFOPLIST_KEY_UILaunchStoryboardName = LaunchScreen;
				INFOPLIST_KEY_UIRequiredDeviceCapabilities = arkit;
				INFOPLIST_KEY_UIStatusBarHidden = YES;
				INFOPLIST_KEY_UISupportedInterfaceOrientations_iPad = "UIInterfaceOrientationPortrait UIInterfaceOrientationPortraitUpsideDown UIInterfaceOrientationLandscapeLeft UIInterfaceOrientationLandscapeRight";
				INFOPLIST_KEY_UISupportedInterfaceOrientations_iPhone = "UIInterfaceOrientationPortrait UIInterfaceOrientationLandscapeLeft UIInterfaceOrientationLandscapeRight";
				IPHONEOS_DEPLOYMENT_TARGET = 26.0;
				LD_RUNPATH_SEARCH_PATHS = (
					"$(inherited)",
					"@executable_path/Frameworks",
				);
				MARKETING_VERSION = 1.0;
				PRODUCT_BUNDLE_IDENTIFIER = "de.htw-berlin.cardgame-ar";
				PRODUCT_NAME = "$(TARGET_NAME)";
				SWIFT_EMIT_LOC_STRINGS = YES;
				SWIFT_VERSION = 5.0;
				TARGETED_DEVICE_FAMILY = "1,2";
			};
			name = Release;
		};
/* End XCBuildConfiguration section */

/* Begin XCConfigurationList section */
		F3020ED729F5927F0011F0CB /* Build configuration list for PBXProject "CardGameAR" */ = {
			isa = XCConfigurationList;
			buildConfigurations = (
				F3020EED29F592800011F0CB /* Debug */,
				F3020EEE29F592800011F0CB /* Release */,
			);
			defaultConfigurationIsVisible = 0;
			defaultConfigurationName = Release;
		};
		F3020EEF29F592800011F0CB /* Build configuration list for PBXNativeTarget "CardGameAR" */ = {
			isa = XCConfigurationList;
			buildConfigurations = (
				F3020EF029F592800011F0CB /* Debug */,
				F3020EF129F592800011F0CB /* Release */,
			);
			defaultConfigurationIsVisible = 0;
			defaultConfigurationName = Release;
		};
/* End XCConfigurationList section */
	};
	rootObject = F3020ED429F5927F0011F0CB /* Project object */;
}
